
Microsoft Visual Studio Solution File, Format Version 12.00
Project("{2150E333-8FDC-42A3-9474-1A3956D46DE8}") = "UserService", "UserService", "{C0127DB6-3CA8-EE98-7726-A4993E48C5D4}"
EndProject
Project("{2150E333-8FDC-42A3-9474-1A3956D46DE8}") = "src", "src", "{DDC2FC8E-3CB4-FABF-DBC9-050D9D5721E2}"
EndProject
Project("{FAE04EC0-301F-11D3-BF4B-00C04F79EFBC}") = "Users.Api", "UserService\src\Users.Api\Users.Api.csproj", "{E3C08D29-95EB-470B-8E27-7F97C302A472}"
EndProject
Project("{2150E333-8FDC-42A3-9474-1A3956D46DE8}") = "tests", "tests", "{6FAE48EA-5996-DFF4-5802-C027B1582AFA}"
EndProject
Project("{FAE04EC0-301F-11D3-BF4B-00C04F79EFBC}") = "Users.Tests", "UserService\tests\Users.Tests\Users.Tests.csproj", "{CCBA284B-260C-4D7F-93C6-B36D4071997E}"
EndProject
Project("{2150E333-8FDC-42A3-9474-1A3956D46DE8}") = "ProductService", "ProductService", "{74B0D46A-C2A4-54DC-F940-E5841734F66C}"
EndProject
Project("{2150E333-8FDC-42A3-9474-1A3956D46DE8}") = "src", "src", "{2782584D-D535-0B78-A81C-B4DB69911E6D}"
EndProject
Project("{FAE04EC0-301F-11D3-BF4B-00C04F79EFBC}") = "Products.Api", "ProductService\src\Products.Api\Products.Api.csproj", "{D0E43A0B-A67A-411F-A3BD-4CF303CECF07}"
EndProject
Project("{2150E333-8FDC-42A3-9474-1A3956D46DE8}") = "tests", "tests", "{5181368B-A75C-696A-297F-97DE96C90602}"
EndProject
Project("{FAE04EC0-301F-11D3-BF4B-00C04F79EFBC}") = "Products.Tests", "ProductService\tests\Products.Tests\Products.Tests.csproj", "{AFF1F7FB-AEE1-4386-9C0C-5B4858CB8F88}"
EndProject
Project("{FAE04EC0-301F-11D3-BF4B-00C04F79EFBC}") = "Users.Application", "UserService\src\Users.Application\Users.Application.csproj", "{5582CC3E-B4EC-458B-80E2-F78C162F2A13}"
EndProject
Project("{FAE04EC0-301F-11D3-BF4B-00C04F79EFBC}") = "Users.Domain", "UserService\src\Users.Domain\Users.Domain.csproj", "{56544605-D176-4BF6-BA74-2E7CCDECEA39}"
EndProject
Project("{FAE04EC0-301F-11D3-BF4B-00C04F79EFBC}") = "Users.Infrastructure", "UserService\src\Users.Infrastructure\Users.Infrastructure.csproj", "{F1666115-7234-4E52-8609-2234760751B7}"
EndProject
Project("{FAE04EC0-301F-11D3-BF4B-00C04F79EFBC}") = "Products.Application", "ProductService\src\Products.Application\Products.Application.csproj", "{7820A1AE-008D-4A88-B7CC-5A35A880E103}"
EndProject
Project("{FAE04EC0-301F-11D3-BF4B-00C04F79EFBC}") = "Products.Domain", "ProductService\src\Products.Domain\Products.Domain.csproj", "{18FE4492-B333-4C9D-9036-7F0961F0D315}"
EndProject
Project("{FAE04EC0-301F-11D3-BF4B-00C04F79EFBC}") = "Products.Infrastructure", "ProductService\src\Products.Infrastructure\Products.Infrastructure.csproj", "{55BBEB5A-77D3-4BBB-ADD5-98FA77183397}"
EndProject
Project("{FAE04EC0-301F-11D3-BF4B-00C04F79EFBC}") = "ApiGateway", "ApiGateway\ApiGateway.csproj", "{99D63EBA-6815-45CC-BC24-9E51B418B9D7}"
EndProject
Project("{FAE04EC0-301F-11D3-BF4B-00C04F79EFBC}") = "Shared", "Shared\Shared.csproj", "{E43DDC7A-DB47-4794-8A41-B2C7C24E823C}"
EndProject
Global
	GlobalSection(SolutionConfigurationPlatforms) = preSolution
		Debug|Any CPU = Debug|Any CPU
		Debug|x64 = Debug|x64
		Debug|x86 = Debug|x86
		Release|Any CPU = Release|Any CPU
		Release|x64 = Release|x64
		Release|x86 = Release|x86
	EndGlobalSection
	GlobalSection(ProjectConfigurationPlatforms) = postSolution
		{E3C08D29-95EB-470B-8E27-7F97C302A472}.Debug|Any CPU.ActiveCfg = Debug|Any CPU
		{E3C08D29-95EB-470B-8E27-7F97C302A472}.Debug|Any CPU.Build.0 = Debug|Any CPU
		{E3C08D29-95EB-470B-8E27-7F97C302A472}.Debug|x64.ActiveCfg = Debug|Any CPU
		{E3C08D29-95EB-470B-8E27-7F97C302A472}.Debug|x64.Build.0 = Debug|Any CPU
		{E3C08D29-95EB-470B-8E27-7F97C302A472}.Debug|x86.ActiveCfg = Debug|Any CPU
		{E3C08D29-95EB-470B-8E27-7F97C302A472}.Debug|x86.Build.0 = Debug|Any CPU
		{E3C08D29-95EB-470B-8E27-7F97C302A472}.Release|Any CPU.ActiveCfg = Release|Any CPU
		{E3C08D29-95EB-470B-8E27-7F97C302A472}.Release|Any CPU.Build.0 = Release|Any CPU
		{E3C08D29-95EB-470B-8E27-7F97C302A472}.Release|x64.ActiveCfg = Release|Any CPU
		{E3C08D29-95EB-470B-8E27-7F97C302A472}.Release|x64.Build.0 = Release|Any CPU
		{E3C08D29-95EB-470B-8E27-7F97C302A472}.Release|x86.ActiveCfg = Release|Any CPU
		{E3C08D29-95EB-470B-8E27-7F97C302A472}.Release|x86.Build.0 = Release|Any CPU
		{CCBA284B-260C-4D7F-93C6-B36D4071997E}.Debug|Any CPU.ActiveCfg = Debug|Any CPU
		{CCBA284B-260C-4D7F-93C6-B36D4071997E}.Debug|Any CPU.Build.0 = Debug|Any CPU
		{CCBA284B-260C-4D7F-93C6-B36D4071997E}.Debug|x64.ActiveCfg = Debug|Any CPU
		{CCBA284B-260C-4D7F-93C6-B36D4071997E}.Debug|x64.Build.0 = Debug|Any CPU
		{CCBA284B-260C-4D7F-93C6-B36D4071997E}.Debug|x86.ActiveCfg = Debug|Any CPU
		{CCBA284B-260C-4D7F-93C6-B36D4071997E}.Debug|x86.Build.0 = Debug|Any CPU
		{CCBA284B-260C-4D7F-93C6-B36D4071997E}.Release|Any CPU.ActiveCfg = Release|Any CPU
		{CCBA284B-260C-4D7F-93C6-B36D4071997E}.Release|Any CPU.Build.0 = Release|Any CPU
		{CCBA284B-260C-4D7F-93C6-B36D4071997E}.Release|x64.ActiveCfg = Release|Any CPU
		{CCBA284B-260C-4D7F-93C6-B36D4071997E}.Release|x64.Build.0 = Release|Any CPU
		{CCBA284B-260C-4D7F-93C6-B36D4071997E}.Release|x86.ActiveCfg = Release|Any CPU
		{CCBA284B-260C-4D7F-93C6-B36D4071997E}.Release|x86.Build.0 = Release|Any CPU
		{D0E43A0B-A67A-411F-A3BD-4CF303CECF07}.Debug|Any CPU.ActiveCfg = Debug|Any CPU
		{D0E43A0B-A67A-411F-A3BD-4CF303CECF07}.Debug|Any CPU.Build.0 = Debug|Any CPU
		{D0E43A0B-A67A-411F-A3BD-4CF303CECF07}.Debug|x64.ActiveCfg = Debug|Any CPU
		{D0E43A0B-A67A-411F-A3BD-4CF303CECF07}.Debug|x64.Build.0 = Debug|Any CPU
		{D0E43A0B-A67A-411F-A3BD-4CF303CECF07}.Debug|x86.ActiveCfg = Debug|Any CPU
		{D0E43A0B-A67A-411F-A3BD-4CF303CECF07}.Debug|x86.Build.0 = Debug|Any CPU
		{D0E43A0B-A67A-411F-A3BD-4CF303CECF07}.Release|Any CPU.ActiveCfg = Release|Any CPU
		{D0E43A0B-A67A-411F-A3BD-4CF303CECF07}.Release|Any CPU.Build.0 = Release|Any CPU
		{D0E43A0B-A67A-411F-A3BD-4CF303CECF07}.Release|x64.ActiveCfg = Release|Any CPU
		{D0E43A0B-A67A-411F-A3BD-4CF303CECF07}.Release|x64.Build.0 = Release|Any CPU
		{D0E43A0B-A67A-411F-A3BD-4CF303CECF07}.Release|x86.ActiveCfg = Release|Any CPU
		{D0E43A0B-A67A-411F-A3BD-4CF303CECF07}.Release|x86.Build.0 = Release|Any CPU
		{AFF1F7FB-AEE1-4386-9C0C-5B4858CB8F88}.Debug|Any CPU.ActiveCfg = Debug|Any CPU
		{AFF1F7FB-AEE1-4386-9C0C-5B4858CB8F88}.Debug|Any CPU.Build.0 = Debug|Any CPU
		{AFF1F7FB-AEE1-4386-9C0C-5B4858CB8F88}.Debug|x64.ActiveCfg = Debug|Any CPU
		{AFF1F7FB-AEE1-4386-9C0C-5B4858CB8F88}.Debug|x64.Build.0 = Debug|Any CPU
		{AFF1F7FB-AEE1-4386-9C0C-5B4858CB8F88}.Debug|x86.ActiveCfg = Debug|Any CPU
		{AFF1F7FB-AEE1-4386-9C0C-5B4858CB8F88}.Debug|x86.Build.0 = Debug|Any CPU
		{AFF1F7FB-AEE1-4386-9C0C-5B4858CB8F88}.Release|Any CPU.ActiveCfg = Release|Any CPU
		{AFF1F7FB-AEE1-4386-9C0C-5B4858CB8F88}.Release|Any CPU.Build.0 = Release|Any CPU
		{AFF1F7FB-AEE1-4386-9C0C-5B4858CB8F88}.Release|x64.ActiveCfg = Release|Any CPU
		{AFF1F7FB-AEE1-4386-9C0C-5B4858CB8F88}.Release|x64.Build.0 = Release|Any CPU
		{AFF1F7FB-AEE1-4386-9C0C-5B4858CB8F88}.Release|x86.ActiveCfg = Release|Any CPU
		{AFF1F7FB-AEE1-4386-9C0C-5B4858CB8F88}.Release|x86.Build.0 = Release|Any CPU
		{5582CC3E-B4EC-458B-80E2-F78C162F2A13}.Debug|Any CPU.ActiveCfg = Debug|Any CPU
		{5582CC3E-B4EC-458B-80E2-F78C162F2A13}.Debug|Any CPU.Build.0 = Debug|Any CPU
		{5582CC3E-B4EC-458B-80E2-F78C162F2A13}.Debug|x64.ActiveCfg = Debug|Any CPU
		{5582CC3E-B4EC-458B-80E2-F78C162F2A13}.Debug|x64.Build.0 = Debug|Any CPU
		{5582CC3E-B4EC-458B-80E2-F78C162F2A13}.Debug|x86.ActiveCfg = Debug|Any CPU
		{5582CC3E-B4EC-458B-80E2-F78C162F2A13}.Debug|x86.Build.0 = Debug|Any CPU
		{5582CC3E-B4EC-458B-80E2-F78C162F2A13}.Release|Any CPU.ActiveCfg = Release|Any CPU
		{5582CC3E-B4EC-458B-80E2-F78C162F2A13}.Release|Any CPU.Build.0 = Release|Any CPU
		{5582CC3E-B4EC-458B-80E2-F78C162F2A13}.Release|x64.ActiveCfg = Release|Any CPU
		{5582CC3E-B4EC-458B-80E2-F78C162F2A13}.Release|x64.Build.0 = Release|Any CPU
		{5582CC3E-B4EC-458B-80E2-F78C162F2A13}.Release|x86.ActiveCfg = Release|Any CPU
		{5582CC3E-B4EC-458B-80E2-F78C162F2A13}.Release|x86.Build.0 = Release|Any CPU
		{56544605-D176-4BF6-BA74-2E7CCDECEA39}.Debug|Any CPU.ActiveCfg = Debug|Any CPU
		{56544605-D176-4BF6-BA74-2E7CCDECEA39}.Debug|Any CPU.Build.0 = Debug|Any CPU
		{56544605-D176-4BF6-BA74-2E7CCDECEA39}.Debug|x64.ActiveCfg = Debug|Any CPU
		{56544605-D176-4BF6-BA74-2E7CCDECEA39}.Debug|x64.Build.0 = Debug|Any CPU
		{56544605-D176-4BF6-BA74-2E7CCDECEA39}.Debug|x86.ActiveCfg = Debug|Any CPU
		{56544605-D176-4BF6-BA74-2E7CCDECEA39}.Debug|x86.Build.0 = Debug|Any CPU
		{56544605-D176-4BF6-BA74-2E7CCDECEA39}.Release|Any CPU.ActiveCfg = Release|Any CPU
		{56544605-D176-4BF6-BA74-2E7CCDECEA39}.Release|Any CPU.Build.0 = Release|Any CPU
		{56544605-D176-4BF6-BA74-2E7CCDECEA39}.Release|x64.ActiveCfg = Release|Any CPU
		{56544605-D176-4BF6-BA74-2E7CCDECEA39}.Release|x64.Build.0 = Release|Any CPU
		{56544605-D176-4BF6-BA74-2E7CCDECEA39}.Release|x86.ActiveCfg = Release|Any CPU
		{56544605-D176-4BF6-BA74-2E7CCDECEA39}.Release|x86.Build.0 = Release|Any CPU
		{F1666115-7234-4E52-8609-2234760751B7}.Debug|Any CPU.ActiveCfg = Debug|Any CPU
		{F1666115-7234-4E52-8609-2234760751B7}.Debug|Any CPU.Build.0 = Debug|Any CPU
		{F1666115-7234-4E52-8609-2234760751B7}.Debug|x64.ActiveCfg = Debug|Any CPU
		{F1666115-7234-4E52-8609-2234760751B7}.Debug|x64.Build.0 = Debug|Any CPU
		{F1666115-7234-4E52-8609-2234760751B7}.Debug|x86.ActiveCfg = Debug|Any CPU
		{F1666115-7234-4E52-8609-2234760751B7}.Debug|x86.Build.0 = Debug|Any CPU
		{F1666115-7234-4E52-8609-2234760751B7}.Release|Any CPU.ActiveCfg = Release|Any CPU
		{F1666115-7234-4E52-8609-2234760751B7}.Release|Any CPU.Build.0 = Release|Any CPU
		{F1666115-7234-4E52-8609-2234760751B7}.Release|x64.ActiveCfg = Release|Any CPU
		{F1666115-7234-4E52-8609-2234760751B7}.Release|x64.Build.0 = Release|Any CPU
		{F1666115-7234-4E52-8609-2234760751B7}.Release|x86.ActiveCfg = Release|Any CPU
		{F1666115-7234-4E52-8609-2234760751B7}.Release|x86.Build.0 = Release|Any CPU
		{7820A1AE-008D-4A88-B7CC-5A35A880E103}.Debug|Any CPU.ActiveCfg = Debug|Any CPU
		{7820A1AE-008D-4A88-B7CC-5A35A880E103}.Debug|Any CPU.Build.0 = Debug|Any CPU
		{7820A1AE-008D-4A88-B7CC-5A35A880E103}.Debug|x64.ActiveCfg = Debug|Any CPU
		{7820A1AE-008D-4A88-B7CC-5A35A880E103}.Debug|x64.Build.0 = Debug|Any CPU
		{7820A1AE-008D-4A88-B7CC-5A35A880E103}.Debug|x86.ActiveCfg = Debug|Any CPU
		{7820A1AE-008D-4A88-B7CC-5A35A880E103}.Debug|x86.Build.0 = Debug|Any CPU
		{7820A1AE-008D-4A88-B7CC-5A35A880E103}.Release|Any CPU.ActiveCfg = Release|Any CPU
		{7820A1AE-008D-4A88-B7CC-5A35A880E103}.Release|Any CPU.Build.0 = Release|Any CPU
		{7820A1AE-008D-4A88-B7CC-5A35A880E103}.Release|x64.ActiveCfg = Release|Any CPU
		{7820A1AE-008D-4A88-B7CC-5A35A880E103}.Release|x64.Build.0 = Release|Any CPU
		{7820A1AE-008D-4A88-B7CC-5A35A880E103}.Release|x86.ActiveCfg = Release|Any CPU
		{7820A1AE-008D-4A88-B7CC-5A35A880E103}.Release|x86.Build.0 = Release|Any CPU
		{18FE4492-B333-4C9D-9036-7F0961F0D315}.Debug|Any CPU.ActiveCfg = Debug|Any CPU
		{18FE4492-B333-4C9D-9036-7F0961F0D315}.Debug|Any CPU.Build.0 = Debug|Any CPU
		{18FE4492-B333-4C9D-9036-7F0961F0D315}.Debug|x64.ActiveCfg = Debug|Any CPU
		{18FE4492-B333-4C9D-9036-7F0961F0D315}.Debug|x64.Build.0 = Debug|Any CPU
		{18FE4492-B333-4C9D-9036-7F0961F0D315}.Debug|x86.ActiveCfg = Debug|Any CPU
		{18FE4492-B333-4C9D-9036-7F0961F0D315}.Debug|x86.Build.0 = Debug|Any CPU
		{18FE4492-B333-4C9D-9036-7F0961F0D315}.Release|Any CPU.ActiveCfg = Release|Any CPU
		{18FE4492-B333-4C9D-9036-7F0961F0D315}.Release|Any CPU.Build.0 = Release|Any CPU
		{18FE4492-B333-4C9D-9036-7F0961F0D315}.Release|x64.ActiveCfg = Release|Any CPU
		{18FE4492-B333-4C9D-9036-7F0961F0D315}.Release|x64.Build.0 = Release|Any CPU
		{18FE4492-B333-4C9D-9036-7F0961F0D315}.Release|x86.ActiveCfg = Release|Any CPU
		{18FE4492-B333-4C9D-9036-7F0961F0D315}.Release|x86.Build.0 = Release|Any CPU
		{55BBEB5A-77D3-4BBB-ADD5-98FA77183397}.Debug|Any CPU.ActiveCfg = Debug|Any CPU
		{55BBEB5A-77D3-4BBB-ADD5-98FA77183397}.Debug|Any CPU.Build.0 = Debug|Any CPU
		{55BBEB5A-77D3-4BBB-ADD5-98FA77183397}.Debug|x64.ActiveCfg = Debug|Any CPU
		{55BBEB5A-77D3-4BBB-ADD5-98FA77183397}.Debug|x64.Build.0 = Debug|Any CPU
		{55BBEB5A-77D3-4BBB-ADD5-98FA77183397}.Debug|x86.ActiveCfg = Debug|Any CPU
		{55BBEB5A-77D3-4BBB-ADD5-98FA77183397}.Debug|x86.Build.0 = Debug|Any CPU
		{55BBEB5A-77D3-4BBB-ADD5-98FA77183397}.Release|Any CPU.ActiveCfg = Release|Any CPU
		{55BBEB5A-77D3-4BBB-ADD5-98FA77183397}.Release|Any CPU.Build.0 = Release|Any CPU
		{55BBEB5A-77D3-4BBB-ADD5-98FA77183397}.Release|x64.ActiveCfg = Release|Any CPU
		{55BBEB5A-77D3-4BBB-ADD5-98FA77183397}.Release|x64.Build.0 = Release|Any CPU
		{55BBEB5A-77D3-4BBB-ADD5-98FA77183397}.Release|x86.ActiveCfg = Release|Any CPU
		{55BBEB5A-77D3-4BBB-ADD5-98FA77183397}.Release|x86.Build.0 = Release|Any CPU
		{99D63EBA-6815-45CC-BC24-9E51B418B9D7}.Debug|Any CPU.ActiveCfg = Debug|Any CPU
		{99D63EBA-6815-45CC-BC24-9E51B418B9D7}.Debug|Any CPU.Build.0 = Debug|Any CPU
		{99D63EBA-6815-45CC-BC24-9E51B418B9D7}.Debug|x64.ActiveCfg = Debug|Any CPU
		{99D63EBA-6815-45CC-BC24-9E51B418B9D7}.Debug|x64.Build.0 = Debug|Any CPU
		{99D63EBA-6815-45CC-BC24-9E51B418B9D7}.Debug|x86.ActiveCfg = Debug|Any CPU
		{99D63EBA-6815-45CC-BC24-9E51B418B9D7}.Debug|x86.Build.0 = Debug|Any CPU
		{99D63EBA-6815-45CC-BC24-9E51B418B9D7}.Release|Any CPU.ActiveCfg = Release|Any CPU
		{99D63EBA-6815-45CC-BC24-9E51B418B9D7}.Release|Any CPU.Build.0 = Release|Any CPU
		{99D63EBA-6815-45CC-BC24-9E51B418B9D7}.Release|x64.ActiveCfg = Release|Any CPU
		{99D63EBA-6815-45CC-BC24-9E51B418B9D7}.Release|x64.Build.0 = Release|Any CPU
		{99D63EBA-6815-45CC-BC24-9E51B418B9D7}.Release|x86.ActiveCfg = Release|Any CPU
		{99D63EBA-6815-45CC-BC24-9E51B418B9D7}.Release|x86.Build.0 = Release|Any CPU
		{E43DDC7A-DB47-4794-8A41-B2C7C24E823C}.Debug|Any CPU.ActiveCfg = Debug|Any CPU
		{E43DDC7A-DB47-4794-8A41-B2C7C24E823C}.Debug|Any CPU.Build.0 = Debug|Any CPU
		{E43DDC7A-DB47-4794-8A41-B2C7C24E823C}.Debug|x64.ActiveCfg = Debug|Any CPU
		{E43DDC7A-DB47-4794-8A41-B2C7C24E823C}.Debug|x64.Build.0 = Debug|Any CPU
		{E43DDC7A-DB47-4794-8A41-B2C7C24E823C}.Debug|x86.ActiveCfg = Debug|Any CPU
		{E43DDC7A-DB47-4794-8A41-B2C7C24E823C}.Debug|x86.Build.0 = Debug|Any CPU
		{E43DDC7A-DB47-4794-8A41-B2C7C24E823C}.Release|Any CPU.ActiveCfg = Release|Any CPU
		{E43DDC7A-DB47-4794-8A41-B2C7C24E823C}.Release|Any CPU.Build.0 = Release|Any CPU
		{E43DDC7A-DB47-4794-8A41-B2C7C24E823C}.Release|x64.ActiveCfg = Release|Any CPU
		{E43DDC7A-DB47-4794-8A41-B2C7C24E823C}.Release|x64.Build.0 = Release|Any CPU
		{E43DDC7A-DB47-4794-8A41-B2C7C24E823C}.Release|x86.ActiveCfg = Release|Any CPU
		{E43DDC7A-DB47-4794-8A41-B2C7C24E823C}.Release|x86.Build.0 = Release|Any CPU
	EndGlobalSection
	GlobalSection(SolutionProperties) = preSolution
		HideSolutionNode = FALSE
	EndGlobalSection
	GlobalSection(NestedProjects) = preSolution
		{DDC2FC8E-3CB4-FABF-DBC9-050D9D5721E2} = {C0127DB6-3CA8-EE98-7726-A4993E48C5D4}
		{E3C08D29-95EB-470B-8E27-7F97C302A472} = {DDC2FC8E-3CB4-FABF-DBC9-050D9D5721E2}
		{6FAE48EA-5996-DFF4-5802-C027B1582AFA} = {C0127DB6-3CA8-EE98-7726-A4993E48C5D4}
		{CCBA284B-260C-4D7F-93C6-B36D4071997E} = {6FAE48EA-5996-DFF4-5802-C027B1582AFA}
		{2782584D-D535-0B78-A81C-B4DB69911E6D} = {74B0D46A-C2A4-54DC-F940-E5841734F66C}
		{D0E43A0B-A67A-411F-A3BD-4CF303CECF07} = {2782584D-D535-0B78-A81C-B4DB69911E6D}
		{5181368B-A75C-696A-297F-97DE96C90602} = {74B0D46A-C2A4-54DC-F940-E5841734F66C}
		{AFF1F7FB-AEE1-4386-9C0C-5B4858CB8F88} = {5181368B-A75C-696A-297F-97DE96C90602}
		{5582CC3E-B4EC-458B-80E2-F78C162F2A13} = {DDC2FC8E-3CB4-FABF-DBC9-050D9D5721E2}
		{56544605-D176-4BF6-BA74-2E7CCDECEA39} = {DDC2FC8E-3CB4-FABF-DBC9-050D9D5721E2}
		{F1666115-7234-4E52-8609-2234760751B7} = {DDC2FC8E-3CB4-FABF-DBC9-050D9D5721E2}
		{7820A1AE-008D-4A88-B7CC-5A35A880E103} = {2782584D-D535-0B78-A81C-B4DB69911E6D}
		{18FE4492-B333-4C9D-9036-7F0961F0D315} = {2782584D-D535-0B78-A81C-B4DB69911E6D}
		{55BBEB5A-77D3-4BBB-ADD5-98FA77183397} = {2782584D-D535-0B78-A81C-B4DB69911E6D}
	EndGlobalSection
EndGlobal
